
Microsoft Visual Studio Solution File, Format Version 12.00
# Visual Studio Version 17
VisualStudioVersion = 17.9.34622.214
MinimumVisualStudioVersion = 10.0.40219.1
Project("{8BC9CEB8-8B4A-11D0-8D11-00A0C91BC942}") = "LabProject00", "LabProject00\LabProject00.vcxproj", "{3B104D54-6FFC-4042-948F-4BB16BBFE54A}"
EndProject
Project("{8BC9CEB8-8B4A-11D0-8D11-00A0C91BC942}") = "LabProject01", "LabProjects01\LabProjects01.vcxproj", "{E1CB541B-F2F4-48A4-AF7F-ADFD5A2A1432}"
EndProject
Project("{8BC9CEB8-8B4A-11D0-8D11-00A0C91BC942}") = "LabProject02", "LabProject02\LabProject02.vcxproj", "{EA468088-3182-42B2-9C88-E22137420A17}"
EndProject
Project("{8BC9CEB8-8B4A-11D0-8D11-00A0C91BC942}") = "LabProject03", "LabProject03\LabProject03.vcxproj", "{DA468B8D-29AE-4A13-BB6E-BFB8D28D7097}"
EndProject
Project("{8BC9CEB8-8B4A-11D0-8D11-00A0C91BC942}") = "LabProject04", "LabProject04\LabProject04.vcxproj", "{D9178F4E-9D03-4F7B-86DD-DF09C9A13A25}"
EndProject
Project("{8BC9CEB8-8B4A-11D0-8D11-00A0C91BC942}") = "LabProject05", "LabProject05\LabProject05.vcxproj", "{4074DAA8-D1EA-426F-BBFA-C5B0D6F6A114}"
EndProject
Project("{8BC9CEB8-8B4A-11D0-8D11-00A0C91BC942}") = "LabProject05-1", "LabProject05-1\LabProject05-1.vcxproj", "{741A55F2-42FC-4FD2-9DD6-C3C1BF623CA9}"
EndProject
Project("{8BC9CEB8-8B4A-11D0-8D11-00A0C91BC942}") = "LabProject06", "LabProject06\LabProject06.vcxproj", "{BD72DA87-AF87-4DC3-B008-44B7AD73E0E8}"
EndProject
Project("{8BC9CEB8-8B4A-11D0-8D11-00A0C91BC942}") = "LabProject07", "LabProject07\LabProject07.vcxproj", "{4A99E1E0-DDEF-4C4A-AC68-0D26AB0FFF3D}"
EndProject
Project("{8BC9CEB8-8B4A-11D0-8D11-00A0C91BC942}") = "LabProject08", "LabProject08\LabProject08.vcxproj", "{0647DCB1-1A8E-43E4-8EA3-E1998B675B1B}"
EndProject
Project("{8BC9CEB8-8B4A-11D0-8D11-00A0C91BC942}") = "LabProject09", "LabProject09\LabProject09.vcxproj", "{80259328-CA0F-49DF-A72E-680ACF2D1DD5}"
EndProject
Project("{8BC9CEB8-8B4A-11D0-8D11-00A0C91BC942}") = "LabProject10", "LabProject10\LabProject10.vcxproj", "{2DAF947A-C45A-4334-BBC8-46D057190698}"
EndProject
Project("{8BC9CEB8-8B4A-11D0-8D11-00A0C91BC942}") = "LabProject11", "LabProject11\LabProject11.vcxproj", "{3FD9DEF2-6311-4D8F-9CEF-AF7941A30299}"
EndProject
Project("{8BC9CEB8-8B4A-11D0-8D11-00A0C91BC942}") = "LabProject12", "LabProject12\LabProject12.vcxproj", "{90127DCB-5CEC-4E54-8B00-09252306C818}"
EndProject
Project("{8BC9CEB8-8B4A-11D0-8D11-00A0C91BC942}") = "LabProject13", "LabProject13\LabProject13.vcxproj", "{1E99D229-78E5-45A6-B7A8-15E6C44E778C}"
EndProject
Project("{8BC9CEB8-8B4A-11D0-8D11-00A0C91BC942}") = "LabProject14", "LabProject14\LabProject14.vcxproj", "{55EE28F8-5912-4FB9-BE49-969DBCD34C15}"
EndProject
Project("{8BC9CEB8-8B4A-11D0-8D11-00A0C91BC942}") = "LabProject15", "LabProject15\LabProject15.vcxproj", "{750E6D24-4A7B-4911-B551-DA07F40EAA16}"
EndProject
Project("{8BC9CEB8-8B4A-11D0-8D11-00A0C91BC942}") = "LabProject16", "LabProject16\LabProject16.vcxproj", "{F2BE4EDB-71CB-4C82-BC94-78062C0BB75E}"
EndProject
Project("{8BC9CEB8-8B4A-11D0-8D11-00A0C91BC942}") = "LabProject18", "LabProject18\LabProject18.vcxproj", "{3F6672A3-572A-4EF4-942C-A8EB0F5797D2}"
EndProject
Project("{8BC9CEB8-8B4A-11D0-8D11-00A0C91BC942}") = "LabProject-E04-5", "LabProject-E04-5\LabProject04-5.vcxproj", "{D175EAE7-29CB-4D35-AECE-BCD8A2FDD6DC}"
EndProject
Project("{8BC9CEB8-8B4A-11D0-8D11-00A0C91BC942}") = "LabProject-E04-6", "LabProject-E04-6\LabProject04-6.vcxproj", "{4AC3AC8D-5542-4F22-B718-BEC57674CD4D}"
EndProject
Project("{8BC9CEB8-8B4A-11D0-8D11-00A0C91BC942}") = "LabProject-E07-9-1", "LabProject-E07-9-1\LabProject07-9-1.vcxproj", "{6E098125-3DD4-4A11-BEA0-145217177AAC}"
EndProject
Project("{8BC9CEB8-8B4A-11D0-8D11-00A0C91BC942}") = "LabProject17", "LabProject17\LabProject17.vcxproj", "{56D8B440-4E59-4742-A7EF-B35AD72D2AFD}"
EndProject
Global
	GlobalSection(SolutionConfigurationPlatforms) = preSolution
		Debug|x64 = Debug|x64
		Debug|x86 = Debug|x86
		Release|x64 = Release|x64
		Release|x86 = Release|x86
	EndGlobalSection
	GlobalSection(ProjectConfigurationPlatforms) = postSolution
		{3B104D54-6FFC-4042-948F-4BB16BBFE54A}.Debug|x64.ActiveCfg = Debug|x64
		{3B104D54-6FFC-4042-948F-4BB16BBFE54A}.Debug|x64.Build.0 = Debug|x64
		{3B104D54-6FFC-4042-948F-4BB16BBFE54A}.Debug|x86.ActiveCfg = Debug|Win32
		{3B104D54-6FFC-4042-948F-4BB16BBFE54A}.Debug|x86.Build.0 = Debug|Win32
		{3B104D54-6FFC-4042-948F-4BB16BBFE54A}.Release|x64.ActiveCfg = Release|x64
		{3B104D54-6FFC-4042-948F-4BB16BBFE54A}.Release|x64.Build.0 = Release|x64
		{3B104D54-6FFC-4042-948F-4BB16BBFE54A}.Release|x86.ActiveCfg = Release|Win32
		{3B104D54-6FFC-4042-948F-4BB16BBFE54A}.Release|x86.Build.0 = Release|Win32
		{E1CB541B-F2F4-48A4-AF7F-ADFD5A2A1432}.Debug|x64.ActiveCfg = Debug|x64
		{E1CB541B-F2F4-48A4-AF7F-ADFD5A2A1432}.Debug|x64.Build.0 = Debug|x64
		{E1CB541B-F2F4-48A4-AF7F-ADFD5A2A1432}.Debug|x86.ActiveCfg = Debug|Win32
		{E1CB541B-F2F4-48A4-AF7F-ADFD5A2A1432}.Debug|x86.Build.0 = Debug|Win32
		{E1CB541B-F2F4-48A4-AF7F-ADFD5A2A1432}.Release|x64.ActiveCfg = Release|x64
		{E1CB541B-F2F4-48A4-AF7F-ADFD5A2A1432}.Release|x64.Build.0 = Release|x64
		{E1CB541B-F2F4-48A4-AF7F-ADFD5A2A1432}.Release|x86.ActiveCfg = Release|Win32
		{E1CB541B-F2F4-48A4-AF7F-ADFD5A2A1432}.Release|x86.Build.0 = Release|Win32
		{EA468088-3182-42B2-9C88-E22137420A17}.Debug|x64.ActiveCfg = Debug|x64
		{EA468088-3182-42B2-9C88-E22137420A17}.Debug|x64.Build.0 = Debug|x64
		{EA468088-3182-42B2-9C88-E22137420A17}.Debug|x86.ActiveCfg = Debug|Win32
		{EA468088-3182-42B2-9C88-E22137420A17}.Debug|x86.Build.0 = Debug|Win32
		{EA468088-3182-42B2-9C88-E22137420A17}.Release|x64.ActiveCfg = Release|x64
		{EA468088-3182-42B2-9C88-E22137420A17}.Release|x64.Build.0 = Release|x64
		{EA468088-3182-42B2-9C88-E22137420A17}.Release|x86.ActiveCfg = Release|Win32
		{EA468088-3182-42B2-9C88-E22137420A17}.Release|x86.Build.0 = Release|Win32
		{DA468B8D-29AE-4A13-BB6E-BFB8D28D7097}.Debug|x64.ActiveCfg = Debug|x64
		{DA468B8D-29AE-4A13-BB6E-BFB8D28D7097}.Debug|x64.Build.0 = Debug|x64
		{DA468B8D-29AE-4A13-BB6E-BFB8D28D7097}.Debug|x86.ActiveCfg = Debug|Win32
		{DA468B8D-29AE-4A13-BB6E-BFB8D28D7097}.Debug|x86.Build.0 = Debug|Win32
		{DA468B8D-29AE-4A13-BB6E-BFB8D28D7097}.Release|x64.ActiveCfg = Release|x64
		{DA468B8D-29AE-4A13-BB6E-BFB8D28D7097}.Release|x64.Build.0 = Release|x64
		{DA468B8D-29AE-4A13-BB6E-BFB8D28D7097}.Release|x86.ActiveCfg = Release|Win32
		{DA468B8D-29AE-4A13-BB6E-BFB8D28D7097}.Release|x86.Build.0 = Release|Win32
		{D9178F4E-9D03-4F7B-86DD-DF09C9A13A25}.Debug|x64.ActiveCfg = Debug|x64
		{D9178F4E-9D03-4F7B-86DD-DF09C9A13A25}.Debug|x64.Build.0 = Debug|x64
		{D9178F4E-9D03-4F7B-86DD-DF09C9A13A25}.Debug|x86.ActiveCfg = Debug|Win32
		{D9178F4E-9D03-4F7B-86DD-DF09C9A13A25}.Debug|x86.Build.0 = Debug|Win32
		{D9178F4E-9D03-4F7B-86DD-DF09C9A13A25}.Release|x64.ActiveCfg = Release|x64
		{D9178F4E-9D03-4F7B-86DD-DF09C9A13A25}.Release|x64.Build.0 = Release|x64
		{D9178F4E-9D03-4F7B-86DD-DF09C9A13A25}.Release|x86.ActiveCfg = Release|Win32
		{D9178F4E-9D03-4F7B-86DD-DF09C9A13A25}.Release|x86.Build.0 = Release|Win32
		{4074DAA8-D1EA-426F-BBFA-C5B0D6F6A114}.Debug|x64.ActiveCfg = Debug|x64
		{4074DAA8-D1EA-426F-BBFA-C5B0D6F6A114}.Debug|x64.Build.0 = Debug|x64
		{4074DAA8-D1EA-426F-BBFA-C5B0D6F6A114}.Debug|x86.ActiveCfg = Debug|Win32
		{4074DAA8-D1EA-426F-BBFA-C5B0D6F6A114}.Debug|x86.Build.0 = Debug|Win32
		{4074DAA8-D1EA-426F-BBFA-C5B0D6F6A114}.Release|x64.ActiveCfg = Release|x64
		{4074DAA8-D1EA-426F-BBFA-C5B0D6F6A114}.Release|x64.Build.0 = Release|x64
		{4074DAA8-D1EA-426F-BBFA-C5B0D6F6A114}.Release|x86.ActiveCfg = Release|Win32
		{4074DAA8-D1EA-426F-BBFA-C5B0D6F6A114}.Release|x86.Build.0 = Release|Win32
		{741A55F2-42FC-4FD2-9DD6-C3C1BF623CA9}.Debug|x64.ActiveCfg = Debug|x64
		{741A55F2-42FC-4FD2-9DD6-C3C1BF623CA9}.Debug|x64.Build.0 = Debug|x64
		{741A55F2-42FC-4FD2-9DD6-C3C1BF623CA9}.Debug|x86.ActiveCfg = Debug|Win32
		{741A55F2-42FC-4FD2-9DD6-C3C1BF623CA9}.Debug|x86.Build.0 = Debug|Win32
		{741A55F2-42FC-4FD2-9DD6-C3C1BF623CA9}.Release|x64.ActiveCfg = Release|x64
		{741A55F2-42FC-4FD2-9DD6-C3C1BF623CA9}.Release|x64.Build.0 = Release|x64
		{741A55F2-42FC-4FD2-9DD6-C3C1BF623CA9}.Release|x86.ActiveCfg = Release|Win32
		{741A55F2-42FC-4FD2-9DD6-C3C1BF623CA9}.Release|x86.Build.0 = Release|Win32
		{BD72DA87-AF87-4DC3-B008-44B7AD73E0E8}.Debug|x64.ActiveCfg = Debug|x64
		{BD72DA87-AF87-4DC3-B008-44B7AD73E0E8}.Debug|x64.Build.0 = Debug|x64
		{BD72DA87-AF87-4DC3-B008-44B7AD73E0E8}.Debug|x86.ActiveCfg = Debug|Win32
		{BD72DA87-AF87-4DC3-B008-44B7AD73E0E8}.Debug|x86.Build.0 = Debug|Win32
		{BD72DA87-AF87-4DC3-B008-44B7AD73E0E8}.Release|x64.ActiveCfg = Release|x64
		{BD72DA87-AF87-4DC3-B008-44B7AD73E0E8}.Release|x64.Build.0 = Release|x64
		{BD72DA87-AF87-4DC3-B008-44B7AD73E0E8}.Release|x86.ActiveCfg = Release|Win32
		{BD72DA87-AF87-4DC3-B008-44B7AD73E0E8}.Release|x86.Build.0 = Release|Win32
		{4A99E1E0-DDEF-4C4A-AC68-0D26AB0FFF3D}.Debug|x64.ActiveCfg = Debug|x64
		{4A99E1E0-DDEF-4C4A-AC68-0D26AB0FFF3D}.Debug|x64.Build.0 = Debug|x64
		{4A99E1E0-DDEF-4C4A-AC68-0D26AB0FFF3D}.Debug|x86.ActiveCfg = Debug|Win32
		{4A99E1E0-DDEF-4C4A-AC68-0D26AB0FFF3D}.Debug|x86.Build.0 = Debug|Win32
		{4A99E1E0-DDEF-4C4A-AC68-0D26AB0FFF3D}.Release|x64.ActiveCfg = Release|x64
		{4A99E1E0-DDEF-4C4A-AC68-0D26AB0FFF3D}.Release|x64.Build.0 = Release|x64
		{4A99E1E0-DDEF-4C4A-AC68-0D26AB0FFF3D}.Release|x86.ActiveCfg = Release|Win32
		{4A99E1E0-DDEF-4C4A-AC68-0D26AB0FFF3D}.Release|x86.Build.0 = Release|Win32
		{0647DCB1-1A8E-43E4-8EA3-E1998B675B1B}.Debug|x64.ActiveCfg = Debug|x64
		{0647DCB1-1A8E-43E4-8EA3-E1998B675B1B}.Debug|x64.Build.0 = Debug|x64
		{0647DCB1-1A8E-43E4-8EA3-E1998B675B1B}.Debug|x86.ActiveCfg = Debug|Win32
		{0647DCB1-1A8E-43E4-8EA3-E1998B675B1B}.Debug|x86.Build.0 = Debug|Win32
		{0647DCB1-1A8E-43E4-8EA3-E1998B675B1B}.Release|x64.ActiveCfg = Release|x64
		{0647DCB1-1A8E-43E4-8EA3-E1998B675B1B}.Release|x64.Build.0 = Release|x64
		{0647DCB1-1A8E-43E4-8EA3-E1998B675B1B}.Release|x86.ActiveCfg = Release|Win32
		{0647DCB1-1A8E-43E4-8EA3-E1998B675B1B}.Release|x86.Build.0 = Release|Win32
		{80259328-CA0F-49DF-A72E-680ACF2D1DD5}.Debug|x64.ActiveCfg = Debug|x64
		{80259328-CA0F-49DF-A72E-680ACF2D1DD5}.Debug|x64.Build.0 = Debug|x64
		{80259328-CA0F-49DF-A72E-680ACF2D1DD5}.Debug|x86.ActiveCfg = Debug|Win32
		{80259328-CA0F-49DF-A72E-680ACF2D1DD5}.Debug|x86.Build.0 = Debug|Win32
		{80259328-CA0F-49DF-A72E-680ACF2D1DD5}.Release|x64.ActiveCfg = Release|x64
		{80259328-CA0F-49DF-A72E-680ACF2D1DD5}.Release|x64.Build.0 = Release|x64
		{80259328-CA0F-49DF-A72E-680ACF2D1DD5}.Release|x86.ActiveCfg = Release|Win32
		{80259328-CA0F-49DF-A72E-680ACF2D1DD5}.Release|x86.Build.0 = Release|Win32
		{2DAF947A-C45A-4334-BBC8-46D057190698}.Debug|x64.ActiveCfg = Debug|x64
		{2DAF947A-C45A-4334-BBC8-46D057190698}.Debug|x64.Build.0 = Debug|x64
		{2DAF947A-C45A-4334-BBC8-46D057190698}.Debug|x86.ActiveCfg = Debug|Win32
		{2DAF947A-C45A-4334-BBC8-46D057190698}.Debug|x86.Build.0 = Debug|Win32
		{2DAF947A-C45A-4334-BBC8-46D057190698}.Release|x64.ActiveCfg = Release|x64
		{2DAF947A-C45A-4334-BBC8-46D057190698}.Release|x64.Build.0 = Release|x64
		{2DAF947A-C45A-4334-BBC8-46D057190698}.Release|x86.ActiveCfg = Release|Win32
		{2DAF947A-C45A-4334-BBC8-46D057190698}.Release|x86.Build.0 = Release|Win32
		{3FD9DEF2-6311-4D8F-9CEF-AF7941A30299}.Debug|x64.ActiveCfg = Debug|x64
		{3FD9DEF2-6311-4D8F-9CEF-AF7941A30299}.Debug|x64.Build.0 = Debug|x64
		{3FD9DEF2-6311-4D8F-9CEF-AF7941A30299}.Debug|x86.ActiveCfg = Debug|Win32
		{3FD9DEF2-6311-4D8F-9CEF-AF7941A30299}.Debug|x86.Build.0 = Debug|Win32
		{3FD9DEF2-6311-4D8F-9CEF-AF7941A30299}.Release|x64.ActiveCfg = Release|x64
		{3FD9DEF2-6311-4D8F-9CEF-AF7941A30299}.Release|x64.Build.0 = Release|x64
		{3FD9DEF2-6311-4D8F-9CEF-AF7941A30299}.Release|x86.ActiveCfg = Release|Win32
		{3FD9DEF2-6311-4D8F-9CEF-AF7941A30299}.Release|x86.Build.0 = Release|Win32
		{90127DCB-5CEC-4E54-8B00-09252306C818}.Debug|x64.ActiveCfg = Debug|x64
		{90127DCB-5CEC-4E54-8B00-09252306C818}.Debug|x64.Build.0 = Debug|x64
		{90127DCB-5CEC-4E54-8B00-09252306C818}.Debug|x86.ActiveCfg = Debug|Win32
		{90127DCB-5CEC-4E54-8B00-09252306C818}.Debug|x86.Build.0 = Debug|Win32
		{90127DCB-5CEC-4E54-8B00-09252306C818}.Release|x64.ActiveCfg = Release|x64
		{90127DCB-5CEC-4E54-8B00-09252306C818}.Release|x64.Build.0 = Release|x64
		{90127DCB-5CEC-4E54-8B00-09252306C818}.Release|x86.ActiveCfg = Release|Win32
		{90127DCB-5CEC-4E54-8B00-09252306C818}.Release|x86.Build.0 = Release|Win32
		{1E99D229-78E5-45A6-B7A8-15E6C44E778C}.Debug|x64.ActiveCfg = Debug|x64
		{1E99D229-78E5-45A6-B7A8-15E6C44E778C}.Debug|x64.Build.0 = Debug|x64
		{1E99D229-78E5-45A6-B7A8-15E6C44E778C}.Debug|x86.ActiveCfg = Debug|Win32
		{1E99D229-78E5-45A6-B7A8-15E6C44E778C}.Debug|x86.Build.0 = Debug|Win32
		{1E99D229-78E5-45A6-B7A8-15E6C44E778C}.Release|x64.ActiveCfg = Release|x64
		{1E99D229-78E5-45A6-B7A8-15E6C44E778C}.Release|x64.Build.0 = Release|x64
		{1E99D229-78E5-45A6-B7A8-15E6C44E778C}.Release|x86.ActiveCfg = Release|Win32
		{1E99D229-78E5-45A6-B7A8-15E6C44E778C}.Release|x86.Build.0 = Release|Win32
		{55EE28F8-5912-4FB9-BE49-969DBCD34C15}.Debug|x64.ActiveCfg = Debug|x64
		{55EE28F8-5912-4FB9-BE49-969DBCD34C15}.Debug|x64.Build.0 = Debug|x64
		{55EE28F8-5912-4FB9-BE49-969DBCD34C15}.Debug|x86.ActiveCfg = Debug|Win32
		{55EE28F8-5912-4FB9-BE49-969DBCD34C15}.Debug|x86.Build.0 = Debug|Win32
		{55EE28F8-5912-4FB9-BE49-969DBCD34C15}.Release|x64.ActiveCfg = Release|x64
		{55EE28F8-5912-4FB9-BE49-969DBCD34C15}.Release|x64.Build.0 = Release|x64
		{55EE28F8-5912-4FB9-BE49-969DBCD34C15}.Release|x86.ActiveCfg = Release|Win32
		{55EE28F8-5912-4FB9-BE49-969DBCD34C15}.Release|x86.Build.0 = Release|Win32
		{750E6D24-4A7B-4911-B551-DA07F40EAA16}.Debug|x64.ActiveCfg = Debug|x64
		{750E6D24-4A7B-4911-B551-DA07F40EAA16}.Debug|x64.Build.0 = Debug|x64
		{750E6D24-4A7B-4911-B551-DA07F40EAA16}.Debug|x86.ActiveCfg = Debug|Win32
		{750E6D24-4A7B-4911-B551-DA07F40EAA16}.Debug|x86.Build.0 = Debug|Win32
		{750E6D24-4A7B-4911-B551-DA07F40EAA16}.Release|x64.ActiveCfg = Release|x64
		{750E6D24-4A7B-4911-B551-DA07F40EAA16}.Release|x64.Build.0 = Release|x64
		{750E6D24-4A7B-4911-B551-DA07F40EAA16}.Release|x86.ActiveCfg = Release|Win32
		{750E6D24-4A7B-4911-B551-DA07F40EAA16}.Release|x86.Build.0 = Release|Win32
		{F2BE4EDB-71CB-4C82-BC94-78062C0BB75E}.Debug|x64.ActiveCfg = Debug|x64
		{F2BE4EDB-71CB-4C82-BC94-78062C0BB75E}.Debug|x64.Build.0 = Debug|x64
		{F2BE4EDB-71CB-4C82-BC94-78062C0BB75E}.Debug|x86.ActiveCfg = Debug|Win32
		{F2BE4EDB-71CB-4C82-BC94-78062C0BB75E}.Debug|x86.Build.0 = Debug|Win32
		{F2BE4EDB-71CB-4C82-BC94-78062C0BB75E}.Release|x64.ActiveCfg = Release|x64
		{F2BE4EDB-71CB-4C82-BC94-78062C0BB75E}.Release|x64.Build.0 = Release|x64
		{F2BE4EDB-71CB-4C82-BC94-78062C0BB75E}.Release|x86.ActiveCfg = Release|Win32
		{F2BE4EDB-71CB-4C82-BC94-78062C0BB75E}.Release|x86.Build.0 = Release|Win32
		{3F6672A3-572A-4EF4-942C-A8EB0F5797D2}.Debug|x64.ActiveCfg = Debug|x64
		{3F6672A3-572A-4EF4-942C-A8EB0F5797D2}.Debug|x64.Build.0 = Debug|x64
		{3F6672A3-572A-4EF4-942C-A8EB0F5797D2}.Debug|x86.ActiveCfg = Debug|Win32
		{3F6672A3-572A-4EF4-942C-A8EB0F5797D2}.Debug|x86.Build.0 = Debug|Win32
		{3F6672A3-572A-4EF4-942C-A8EB0F5797D2}.Release|x64.ActiveCfg = Release|x64
		{3F6672A3-572A-4EF4-942C-A8EB0F5797D2}.Release|x64.Build.0 = Release|x64
		{3F6672A3-572A-4EF4-942C-A8EB0F5797D2}.Release|x86.ActiveCfg = Release|Win32
		{3F6672A3-572A-4EF4-942C-A8EB0F5797D2}.Release|x86.Build.0 = Release|Win32
		{D175EAE7-29CB-4D35-AECE-BCD8A2FDD6DC}.Debug|x64.ActiveCfg = Debug|x64
		{D175EAE7-29CB-4D35-AECE-BCD8A2FDD6DC}.Debug|x64.Build.0 = Debug|x64
		{D175EAE7-29CB-4D35-AECE-BCD8A2FDD6DC}.Debug|x86.ActiveCfg = Debug|Win32
		{D175EAE7-29CB-4D35-AECE-BCD8A2FDD6DC}.Debug|x86.Build.0 = Debug|Win32
		{D175EAE7-29CB-4D35-AECE-BCD8A2FDD6DC}.Release|x64.ActiveCfg = Release|x64
		{D175EAE7-29CB-4D35-AECE-BCD8A2FDD6DC}.Release|x64.Build.0 = Release|x64
		{D175EAE7-29CB-4D35-AECE-BCD8A2FDD6DC}.Release|x86.ActiveCfg = Release|Win32
		{D175EAE7-29CB-4D35-AECE-BCD8A2FDD6DC}.Release|x86.Build.0 = Release|Win32
		{4AC3AC8D-5542-4F22-B718-BEC57674CD4D}.Debug|x64.ActiveCfg = Debug|x64
		{4AC3AC8D-5542-4F22-B718-BEC57674CD4D}.Debug|x64.Build.0 = Debug|x64
		{4AC3AC8D-5542-4F22-B718-BEC57674CD4D}.Debug|x86.ActiveCfg = Debug|Win32
		{4AC3AC8D-5542-4F22-B718-BEC57674CD4D}.Debug|x86.Build.0 = Debug|Win32
		{4AC3AC8D-5542-4F22-B718-BEC57674CD4D}.Release|x64.ActiveCfg = Release|x64
		{4AC3AC8D-5542-4F22-B718-BEC57674CD4D}.Release|x64.Build.0 = Release|x64
		{4AC3AC8D-5542-4F22-B718-BEC57674CD4D}.Release|x86.ActiveCfg = Release|Win32
		{4AC3AC8D-5542-4F22-B718-BEC57674CD4D}.Release|x86.Build.0 = Release|Win32
		{6E098125-3DD4-4A11-BEA0-145217177AAC}.Debug|x64.ActiveCfg = Debug|x64
		{6E098125-3DD4-4A11-BEA0-145217177AAC}.Debug|x64.Build.0 = Debug|x64
		{6E098125-3DD4-4A11-BEA0-145217177AAC}.Debug|x86.ActiveCfg = Debug|Win32
		{6E098125-3DD4-4A11-BEA0-145217177AAC}.Debug|x86.Build.0 = Debug|Win32
		{6E098125-3DD4-4A11-BEA0-145217177AAC}.Release|x64.ActiveCfg = Release|x64
		{6E098125-3DD4-4A11-BEA0-145217177AAC}.Release|x64.Build.0 = Release|x64
		{6E098125-3DD4-4A11-BEA0-145217177AAC}.Release|x86.ActiveCfg = Release|Win32
		{6E098125-3DD4-4A11-BEA0-145217177AAC}.Release|x86.Build.0 = Release|Win32
		{56D8B440-4E59-4742-A7EF-B35AD72D2AFD}.Debug|x64.ActiveCfg = Debug|x64
		{56D8B440-4E59-4742-A7EF-B35AD72D2AFD}.Debug|x64.Build.0 = Debug|x64
		{56D8B440-4E59-4742-A7EF-B35AD72D2AFD}.Debug|x86.ActiveCfg = Debug|Win32
		{56D8B440-4E59-4742-A7EF-B35AD72D2AFD}.Debug|x86.Build.0 = Debug|Win32
		{56D8B440-4E59-4742-A7EF-B35AD72D2AFD}.Release|x64.ActiveCfg = Release|x64
		{56D8B440-4E59-4742-A7EF-B35AD72D2AFD}.Release|x64.Build.0 = Release|x64
		{56D8B440-4E59-4742-A7EF-B35AD72D2AFD}.Release|x86.ActiveCfg = Release|Win32
		{56D8B440-4E59-4742-A7EF-B35AD72D2AFD}.Release|x86.Build.0 = Release|Win32
	EndGlobalSection
	GlobalSection(SolutionProperties) = preSolution
		HideSolutionNode = FALSE
	EndGlobalSection
	GlobalSection(ExtensibilityGlobals) = postSolution
		SolutionGuid = {7BB43FAA-65C0-4E81-84C0-E335EA022595}
	EndGlobalSection
EndGlobal
