
Microsoft Visual Studio Solution File, Format Version 12.00
# Visual Studio Version 17
VisualStudioVersion = 17.9.34607.119
MinimumVisualStudioVersion = 10.0.40219.1
Project("{8BC9CEB8-8B4A-11D0-8D11-00A0C91BC942}") = "DX_연습장", "DX_연습장\DX_연습장.vcxproj", "{58621420-25C6-4936-8D46-8DFBA3010DAE}"
EndProject
Project("{8BC9CEB8-8B4A-11D0-8D11-00A0C91BC942}") = "Light_desc_table", "Light_desc_table\Light_desc_table.vcxproj", "{457B9796-AF53-46FC-876F-8BB1E480541C}"
EndProject
Project("{8BC9CEB8-8B4A-11D0-8D11-00A0C91BC942}") = "Light_desc", "Light_desc\Light_desc.vcxproj", "{42D543AA-14A2-4174-A7B4-4FC756141597}"
EndProject
Global
	GlobalSection(SolutionConfigurationPlatforms) = preSolution
		Debug|x64 = Debug|x64
		Debug|x86 = Debug|x86
		Release|x64 = Release|x64
		Release|x86 = Release|x86
	EndGlobalSection
	GlobalSection(ProjectConfigurationPlatforms) = postSolution
		{58621420-25C6-4936-8D46-8DFBA3010DAE}.Debug|x64.ActiveCfg = Debug|x64
		{58621420-25C6-4936-8D46-8DFBA3010DAE}.Debug|x64.Build.0 = Debug|x64
		{58621420-25C6-4936-8D46-8DFBA3010DAE}.Debug|x86.ActiveCfg = Debug|Win32
		{58621420-25C6-4936-8D46-8DFBA3010DAE}.Debug|x86.Build.0 = Debug|Win32
		{58621420-25C6-4936-8D46-8DFBA3010DAE}.Release|x64.ActiveCfg = Release|x64
		{58621420-25C6-4936-8D46-8DFBA3010DAE}.Release|x64.Build.0 = Release|x64
		{58621420-25C6-4936-8D46-8DFBA3010DAE}.Release|x86.ActiveCfg = Release|Win32
		{58621420-25C6-4936-8D46-8DFBA3010DAE}.Release|x86.Build.0 = Release|Win32
		{457B9796-AF53-46FC-876F-8BB1E480541C}.Debug|x64.ActiveCfg = Debug|x64
		{457B9796-AF53-46FC-876F-8BB1E480541C}.Debug|x64.Build.0 = Debug|x64
		{457B9796-AF53-46FC-876F-8BB1E480541C}.Debug|x86.ActiveCfg = Debug|Win32
		{457B9796-AF53-46FC-876F-8BB1E480541C}.Debug|x86.Build.0 = Debug|Win32
		{457B9796-AF53-46FC-876F-8BB1E480541C}.Release|x64.ActiveCfg = Release|x64
		{457B9796-AF53-46FC-876F-8BB1E480541C}.Release|x64.Build.0 = Release|x64
		{457B9796-AF53-46FC-876F-8BB1E480541C}.Release|x86.ActiveCfg = Release|Win32
		{457B9796-AF53-46FC-876F-8BB1E480541C}.Release|x86.Build.0 = Release|Win32
		{42D543AA-14A2-4174-A7B4-4FC756141597}.Debug|x64.ActiveCfg = Debug|x64
		{42D543AA-14A2-4174-A7B4-4FC756141597}.Debug|x64.Build.0 = Debug|x64
		{42D543AA-14A2-4174-A7B4-4FC756141597}.Debug|x86.ActiveCfg = Debug|Win32
		{42D543AA-14A2-4174-A7B4-4FC756141597}.Debug|x86.Build.0 = Debug|Win32
		{42D543AA-14A2-4174-A7B4-4FC756141597}.Release|x64.ActiveCfg = Release|x64
		{42D543AA-14A2-4174-A7B4-4FC756141597}.Release|x64.Build.0 = Release|x64
		{42D543AA-14A2-4174-A7B4-4FC756141597}.Release|x86.ActiveCfg = Release|Win32
		{42D543AA-14A2-4174-A7B4-4FC756141597}.Release|x86.Build.0 = Release|Win32
	EndGlobalSection
	GlobalSection(SolutionProperties) = preSolution
		HideSolutionNode = FALSE
	EndGlobalSection
	GlobalSection(ExtensibilityGlobals) = postSolution
		SolutionGuid = {1FCABBDC-71E9-4F61-BD0C-7B3F13D52FAB}
	EndGlobalSection
EndGlobal
